{
  "name": "js-tooling",
  "version": "1.0.0",
  "lockfileVersion": 3,
  "requires": true,
  "packages": {
    "": {
      "name": "js-tooling",
      "version": "1.0.0",
      "license": "MIT",
      "dependencies": {
        "@resvg/resvg-js": "^2.6.0",
        "@xmldom/xmldom": "^0.9.0",
        "chalk": "^5.3.0",
        "color-json": "^3.0.5",
        "escape-html": "^1.0.3",
        "eta": "^3.2.0",
        "execa": "^8.0.1",
        "js-base64": "^3.7.5",
        "json-colorizer": "^2.2.2",
        "toml": "^3.0.0",
        "watcher": "^2.3.0",
        "xml-formatter": "^3.6.0"
      },
      "devDependencies": {
        "@types/escape-html": "^1.0.4",
        "@types/node": "^20.10.4",
        "tsx": "^4.20.3",
        "typescript": "^5.3.3"
      }
    },
    "node_modules/@esbuild/aix-ppc64": {
      "version": "0.25.5",
      "resolved": "https://registry.npmjs.org/@esbuild/aix-ppc64/-/aix-ppc64-0.25.5.tgz",
      "integrity": "sha512-9o3TMmpmftaCMepOdA5k/yDw8SfInyzWWTjYTFCX3kPSDJMROQTb8jg+h9Cnwnmm1vOzvxN7gIfB5V2ewpjtGA==",
      "cpu": [
        "ppc64"
      ],
      "dev": true,
      "license": "MIT",
      "optional": true,
      "os": [
        "aix"
      ],
      "engines": {
        "node": ">=18"
      }
    },
    "node_modules/@esbuild/android-arm": {
      "version": "0.25.5",
      "resolved": "https://registry.npmjs.org/@esbuild/android-arm/-/android-arm-0.25.5.tgz",
      "integrity": "sha512-AdJKSPeEHgi7/ZhuIPtcQKr5RQdo6OO2IL87JkianiMYMPbCtot9fxPbrMiBADOWWm3T2si9stAiVsGbTQFkbA==",
      "cpu": [
        "arm"
      ],
      "dev": true,
      "license": "MIT",
      "optional": true,
      "os": [
        "android"
      ],
      "engines": {
        "node": ">=18"
      }
    },
    "node_modules/@esbuild/android-arm64": {
      "version": "0.25.5",
      "resolved": "https://registry.npmjs.org/@esbuild/android-arm64/-/android-arm64-0.25.5.tgz",
      "integrity": "sha512-VGzGhj4lJO+TVGV1v8ntCZWJktV7SGCs3Pn1GRWI1SBFtRALoomm8k5E9Pmwg3HOAal2VDc2F9+PM/rEY6oIDg==",
      "cpu": [
        "arm64"
      ],
      "dev": true,
      "license": "MIT",
      "optional": true,
      "os": [
        "android"
      ],
      "engines": {
        "node": ">=18"
      }
    },
    "node_modules/@esbuild/android-x64": {
      "version": "0.25.5",
      "resolved": "https://registry.npmjs.org/@esbuild/android-x64/-/android-x64-0.25.5.tgz",
      "integrity": "sha512-D2GyJT1kjvO//drbRT3Hib9XPwQeWd9vZoBJn+bu/lVsOZ13cqNdDeqIF/xQ5/VmWvMduP6AmXvylO/PIc2isw==",
      "cpu": [
        "x64"
      ],
      "dev": true,
      "license": "MIT",
      "optional": true,
      "os": [
        "android"
      ],
      "engines": {
        "node": ">=18"
      }
    },
    "node_modules/@esbuild/darwin-arm64": {
      "version": "0.25.5",
      "resolved": "https://registry.npmjs.org/@esbuild/darwin-arm64/-/darwin-arm64-0.25.5.tgz",
      "integrity": "sha512-GtaBgammVvdF7aPIgH2jxMDdivezgFu6iKpmT+48+F8Hhg5J/sfnDieg0aeG/jfSvkYQU2/pceFPDKlqZzwnfQ==",
      "cpu": [
        "arm64"
      ],
      "dev": true,
      "license": "MIT",
      "optional": true,
      "os": [
        "darwin"
      ],
      "engines": {
        "node": ">=18"
      }
    },
    "node_modules/@esbuild/darwin-x64": {
      "version": "0.25.5",
      "resolved": "https://registry.npmjs.org/@esbuild/darwin-x64/-/darwin-x64-0.25.5.tgz",
      "integrity": "sha512-1iT4FVL0dJ76/q1wd7XDsXrSW+oLoquptvh4CLR4kITDtqi2e/xwXwdCVH8hVHU43wgJdsq7Gxuzcs6Iq/7bxQ==",
      "cpu": [
        "x64"
      ],
      "dev": true,
      "license": "MIT",
      "optional": true,
      "os": [
        "darwin"
      ],
      "engines": {
        "node": ">=18"
      }
    },
    "node_modules/@esbuild/freebsd-arm64": {
      "version": "0.25.5",
      "resolved": "https://registry.npmjs.org/@esbuild/freebsd-arm64/-/freebsd-arm64-0.25.5.tgz",
      "integrity": "sha512-nk4tGP3JThz4La38Uy/gzyXtpkPW8zSAmoUhK9xKKXdBCzKODMc2adkB2+8om9BDYugz+uGV7sLmpTYzvmz6Sw==",
      "cpu": [
        "arm64"
      ],
      "dev": true,
      "license": "MIT",
      "optional": true,
      "os": [
        "freebsd"
      ],
      "engines": {
        "node": ">=18"
      }
    },
    "node_modules/@esbuild/freebsd-x64": {
      "version": "0.25.5",
      "resolved": "https://registry.npmjs.org/@esbuild/freebsd-x64/-/freebsd-x64-0.25.5.tgz",
      "integrity": "sha512-PrikaNjiXdR2laW6OIjlbeuCPrPaAl0IwPIaRv+SMV8CiM8i2LqVUHFC1+8eORgWyY7yhQY+2U2fA55mBzReaw==",
      "cpu": [
        "x64"
      ],
      "dev": true,
      "license": "MIT",
      "optional": true,
      "os": [
        "freebsd"
      ],
      "engines": {
        "node": ">=18"
      }
    },
    "node_modules/@esbuild/linux-arm": {
      "version": "0.25.5",
      "resolved": "https://registry.npmjs.org/@esbuild/linux-arm/-/linux-arm-0.25.5.tgz",
      "integrity": "sha512-cPzojwW2okgh7ZlRpcBEtsX7WBuqbLrNXqLU89GxWbNt6uIg78ET82qifUy3W6OVww6ZWobWub5oqZOVtwolfw==",
      "cpu": [
        "arm"
      ],
      "dev": true,
      "license": "MIT",
      "optional": true,
      "os": [
        "linux"
      ],
      "engines": {
        "node": ">=18"
      }
    },
    "node_modules/@esbuild/linux-arm64": {
      "version": "0.25.5",
      "resolved": "https://registry.npmjs.org/@esbuild/linux-arm64/-/linux-arm64-0.25.5.tgz",
      "integrity": "sha512-Z9kfb1v6ZlGbWj8EJk9T6czVEjjq2ntSYLY2cw6pAZl4oKtfgQuS4HOq41M/BcoLPzrUbNd+R4BXFyH//nHxVg==",
      "cpu": [
        "arm64"
      ],
      "dev": true,
      "license": "MIT",
      "optional": true,
      "os": [
        "linux"
      ],
      "engines": {
        "node": ">=18"
      }
    },
    "node_modules/@esbuild/linux-ia32": {
      "version": "0.25.5",
      "resolved": "https://registry.npmjs.org/@esbuild/linux-ia32/-/linux-ia32-0.25.5.tgz",
      "integrity": "sha512-sQ7l00M8bSv36GLV95BVAdhJ2QsIbCuCjh/uYrWiMQSUuV+LpXwIqhgJDcvMTj+VsQmqAHL2yYaasENvJ7CDKA==",
      "cpu": [
        "ia32"
      ],
      "dev": true,
      "license": "MIT",
      "optional": true,
      "os": [
        "linux"
      ],
      "engines": {
        "node": ">=18"
      }
    },
    "node_modules/@esbuild/linux-loong64": {
      "version": "0.25.5",
      "resolved": "https://registry.npmjs.org/@esbuild/linux-loong64/-/linux-loong64-0.25.5.tgz",
      "integrity": "sha512-0ur7ae16hDUC4OL5iEnDb0tZHDxYmuQyhKhsPBV8f99f6Z9KQM02g33f93rNH5A30agMS46u2HP6qTdEt6Q1kg==",
      "cpu": [
        "loong64"
      ],
      "dev": true,
      "license": "MIT",
      "optional": true,
      "os": [
        "linux"
      ],
      "engines": {
        "node": ">=18"
      }
    },
    "node_modules/@esbuild/linux-mips64el": {
      "version": "0.25.5",
      "resolved": "https://registry.npmjs.org/@esbuild/linux-mips64el/-/linux-mips64el-0.25.5.tgz",
      "integrity": "sha512-kB/66P1OsHO5zLz0i6X0RxlQ+3cu0mkxS3TKFvkb5lin6uwZ/ttOkP3Z8lfR9mJOBk14ZwZ9182SIIWFGNmqmg==",
      "cpu": [
        "mips64el"
      ],
      "dev": true,
      "license": "MIT",
      "optional": true,
      "os": [
        "linux"
      ],
      "engines": {
        "node": ">=18"
      }
    },
    "node_modules/@esbuild/linux-ppc64": {
      "version": "0.25.5",
      "resolved": "https://registry.npmjs.org/@esbuild/linux-ppc64/-/linux-ppc64-0.25.5.tgz",
      "integrity": "sha512-UZCmJ7r9X2fe2D6jBmkLBMQetXPXIsZjQJCjgwpVDz+YMcS6oFR27alkgGv3Oqkv07bxdvw7fyB71/olceJhkQ==",
      "cpu": [
        "ppc64"
      ],
      "dev": true,
      "license": "MIT",
      "optional": true,
      "os": [
        "linux"
      ],
      "engines": {
        "node": ">=18"
      }
    },
    "node_modules/@esbuild/linux-riscv64": {
      "version": "0.25.5",
      "resolved": "https://registry.npmjs.org/@esbuild/linux-riscv64/-/linux-riscv64-0.25.5.tgz",
      "integrity": "sha512-kTxwu4mLyeOlsVIFPfQo+fQJAV9mh24xL+y+Bm6ej067sYANjyEw1dNHmvoqxJUCMnkBdKpvOn0Ahql6+4VyeA==",
      "cpu": [
        "riscv64"
      ],
      "dev": true,
      "license": "MIT",
      "optional": true,
      "os": [
        "linux"
      ],
      "engines": {
        "node": ">=18"
      }
    },
    "node_modules/@esbuild/linux-s390x": {
      "version": "0.25.5",
      "resolved": "https://registry.npmjs.org/@esbuild/linux-s390x/-/linux-s390x-0.25.5.tgz",
      "integrity": "sha512-K2dSKTKfmdh78uJ3NcWFiqyRrimfdinS5ErLSn3vluHNeHVnBAFWC8a4X5N+7FgVE1EjXS1QDZbpqZBjfrqMTQ==",
      "cpu": [
        "s390x"
      ],
      "dev": true,
      "license": "MIT",
      "optional": true,
      "os": [
        "linux"
      ],
      "engines": {
        "node": ">=18"
      }
    },
    "node_modules/@esbuild/linux-x64": {
      "version": "0.25.5",
      "resolved": "https://registry.npmjs.org/@esbuild/linux-x64/-/linux-x64-0.25.5.tgz",
      "integrity": "sha512-uhj8N2obKTE6pSZ+aMUbqq+1nXxNjZIIjCjGLfsWvVpy7gKCOL6rsY1MhRh9zLtUtAI7vpgLMK6DxjO8Qm9lJw==",
      "cpu": [
        "x64"
      ],
      "dev": true,
      "license": "MIT",
      "optional": true,
      "os": [
        "linux"
      ],
      "engines": {
        "node": ">=18"
      }
    },
    "node_modules/@esbuild/netbsd-arm64": {
      "version": "0.25.5",
      "resolved": "https://registry.npmjs.org/@esbuild/netbsd-arm64/-/netbsd-arm64-0.25.5.tgz",
      "integrity": "sha512-pwHtMP9viAy1oHPvgxtOv+OkduK5ugofNTVDilIzBLpoWAM16r7b/mxBvfpuQDpRQFMfuVr5aLcn4yveGvBZvw==",
      "cpu": [
        "arm64"
      ],
      "dev": true,
      "license": "MIT",
      "optional": true,
      "os": [
        "netbsd"
      ],
      "engines": {
        "node": ">=18"
      }
    },
    "node_modules/@esbuild/netbsd-x64": {
      "version": "0.25.5",
      "resolved": "https://registry.npmjs.org/@esbuild/netbsd-x64/-/netbsd-x64-0.25.5.tgz",
      "integrity": "sha512-WOb5fKrvVTRMfWFNCroYWWklbnXH0Q5rZppjq0vQIdlsQKuw6mdSihwSo4RV/YdQ5UCKKvBy7/0ZZYLBZKIbwQ==",
      "cpu": [
        "x64"
      ],
      "dev": true,
      "license": "MIT",
      "optional": true,
      "os": [
        "netbsd"
      ],
      "engines": {
        "node": ">=18"
      }
    },
    "node_modules/@esbuild/openbsd-arm64": {
      "version": "0.25.5",
      "resolved": "https://registry.npmjs.org/@esbuild/openbsd-arm64/-/openbsd-arm64-0.25.5.tgz",
      "integrity": "sha512-7A208+uQKgTxHd0G0uqZO8UjK2R0DDb4fDmERtARjSHWxqMTye4Erz4zZafx7Di9Cv+lNHYuncAkiGFySoD+Mw==",
      "cpu": [
        "arm64"
      ],
      "dev": true,
      "license": "MIT",
      "optional": true,
      "os": [
        "openbsd"
      ],
      "engines": {
        "node": ">=18"
      }
    },
    "node_modules/@esbuild/openbsd-x64": {
      "version": "0.25.5",
      "resolved": "https://registry.npmjs.org/@esbuild/openbsd-x64/-/openbsd-x64-0.25.5.tgz",
      "integrity": "sha512-G4hE405ErTWraiZ8UiSoesH8DaCsMm0Cay4fsFWOOUcz8b8rC6uCvnagr+gnioEjWn0wC+o1/TAHt+It+MpIMg==",
      "cpu": [
        "x64"
      ],
      "dev": true,
      "license": "MIT",
      "optional": true,
      "os": [
        "openbsd"
      ],
      "engines": {
        "node": ">=18"
      }
    },
    "node_modules/@esbuild/sunos-x64": {
      "version": "0.25.5",
      "resolved": "https://registry.npmjs.org/@esbuild/sunos-x64/-/sunos-x64-0.25.5.tgz",
      "integrity": "sha512-l+azKShMy7FxzY0Rj4RCt5VD/q8mG/e+mDivgspo+yL8zW7qEwctQ6YqKX34DTEleFAvCIUviCFX1SDZRSyMQA==",
      "cpu": [
        "x64"
      ],
      "dev": true,
      "license": "MIT",
      "optional": true,
      "os": [
        "sunos"
      ],
      "engines": {
        "node": ">=18"
      }
    },
    "node_modules/@esbuild/win32-arm64": {
      "version": "0.25.5",
      "resolved": "https://registry.npmjs.org/@esbuild/win32-arm64/-/win32-arm64-0.25.5.tgz",
      "integrity": "sha512-O2S7SNZzdcFG7eFKgvwUEZ2VG9D/sn/eIiz8XRZ1Q/DO5a3s76Xv0mdBzVM5j5R639lXQmPmSo0iRpHqUUrsxw==",
      "cpu": [
        "arm64"
      ],
      "dev": true,
      "license": "MIT",
      "optional": true,
      "os": [
        "win32"
      ],
      "engines": {
        "node": ">=18"
      }
    },
    "node_modules/@esbuild/win32-ia32": {
      "version": "0.25.5",
      "resolved": "https://registry.npmjs.org/@esbuild/win32-ia32/-/win32-ia32-0.25.5.tgz",
      "integrity": "sha512-onOJ02pqs9h1iMJ1PQphR+VZv8qBMQ77Klcsqv9CNW2w6yLqoURLcgERAIurY6QE63bbLuqgP9ATqajFLK5AMQ==",
      "cpu": [
        "ia32"
      ],
      "dev": true,
      "license": "MIT",
      "optional": true,
      "os": [
        "win32"
      ],
      "engines": {
        "node": ">=18"
      }
    },
    "node_modules/@esbuild/win32-x64": {
      "version": "0.25.5",
      "resolved": "https://registry.npmjs.org/@esbuild/win32-x64/-/win32-x64-0.25.5.tgz",
      "integrity": "sha512-TXv6YnJ8ZMVdX+SXWVBo/0p8LTcrUYngpWjvm91TMjjBQii7Oz11Lw5lbDV5Y0TzuhSJHwiH4hEtC1I42mMS0g==",
      "cpu": [
        "x64"
      ],
      "dev": true,
      "license": "MIT",
      "optional": true,
      "os": [
        "win32"
      ],
      "engines": {
        "node": ">=18"
      }
    },
    "node_modules/@resvg/resvg-js": {
      "version": "2.6.0",
      "resolved": "https://registry.npmjs.org/@resvg/resvg-js/-/resvg-js-2.6.0.tgz",
      "integrity": "sha512-Tf3YpbBKcQn991KKcw/vg7vZf98v01seSv6CVxZBbRkL/xyjnoYB6KgrFL6zskT1A4dWC/vg77KyNOW+ePaNlA==",
      "engines": {
        "node": ">= 10"
      },
      "optionalDependencies": {
        "@resvg/resvg-js-android-arm-eabi": "2.6.0",
        "@resvg/resvg-js-android-arm64": "2.6.0",
        "@resvg/resvg-js-darwin-arm64": "2.6.0",
        "@resvg/resvg-js-darwin-x64": "2.6.0",
        "@resvg/resvg-js-linux-arm-gnueabihf": "2.6.0",
        "@resvg/resvg-js-linux-arm64-gnu": "2.6.0",
        "@resvg/resvg-js-linux-arm64-musl": "2.6.0",
        "@resvg/resvg-js-linux-x64-gnu": "2.6.0",
        "@resvg/resvg-js-linux-x64-musl": "2.6.0",
        "@resvg/resvg-js-win32-arm64-msvc": "2.6.0",
        "@resvg/resvg-js-win32-ia32-msvc": "2.6.0",
        "@resvg/resvg-js-win32-x64-msvc": "2.6.0"
      }
    },
    "node_modules/@resvg/resvg-js-darwin-arm64": {
      "version": "2.6.0",
      "resolved": "https://registry.npmjs.org/@resvg/resvg-js-darwin-arm64/-/resvg-js-darwin-arm64-2.6.0.tgz",
      "integrity": "sha512-MabUKLVayEwlPo0mIqAmMt+qESN8LltCvv5+GLgVga1avpUrkxj/fkU1TKm8kQegutUjbP/B0QuMuUr0uhF8ew==",
      "cpu": [
        "arm64"
      ],
      "optional": true,
      "os": [
        "darwin"
      ],
      "engines": {
        "node": ">= 10"
      }
    },
    "node_modules/@types/escape-html": {
      "version": "1.0.4",
      "resolved": "https://registry.npmjs.org/@types/escape-html/-/escape-html-1.0.4.tgz",
      "integrity": "sha512-qZ72SFTgUAZ5a7Tj6kf2SHLetiH5S6f8G5frB2SPQ3EyF02kxdyBFf4Tz4banE3xCgGnKgWLt//a6VuYHKYJTg==",
      "dev": true
    },
    "node_modules/@types/node": {
      "version": "20.10.4",
      "resolved": "https://registry.npmjs.org/@types/node/-/node-20.10.4.tgz",
      "integrity": "sha512-D08YG6rr8X90YB56tSIuBaddy/UXAA9RKJoFvrsnogAum/0pmjkgi4+2nx96A330FmioegBWmEYQ+syqCFaveg==",
      "dev": true,
      "dependencies": {
        "undici-types": "~5.26.4"
      }
    },
    "node_modules/@xmldom/xmldom": {
      "version": "0.9.0",
      "resolved": "https://registry.npmjs.org/@xmldom/xmldom/-/xmldom-0.9.0.tgz",
      "integrity": "sha512-Zb9MTlKGnUdxglDKF75cJwvsNp+EhPwzguLSTp/u1yeDU59lz7eA9e14S9z/sn5HHKX5NEQZaKjePl/69uqGhw==",
      "engines": {
        "node": ">=10.0.0"
      }
    },
    "node_modules/ansi-styles": {
      "version": "3.2.1",
      "resolved": "https://registry.npmjs.org/ansi-styles/-/ansi-styles-3.2.1.tgz",
      "integrity": "sha512-VT0ZI6kZRdTh8YyJw3SMbYm/u+NqfsAxEpWO0Pf9sq8/e94WxxOpPKx9FR1FlyCtOVDNOQ+8ntlqFxiRc+r5qA==",
      "dependencies": {
        "color-convert": "^1.9.0"
      },
      "engines": {
        "node": ">=4"
      }
    },
    "node_modules/chalk": {
      "version": "5.3.0",
      "resolved": "https://registry.npmjs.org/chalk/-/chalk-5.3.0.tgz",
      "integrity": "sha512-dLitG79d+GV1Nb/VYcCDFivJeK1hiukt9QjRNVOsUtTy1rR1YJsmpGGTZ3qJos+uw7WmWF4wUwBd9jxjocFC2w==",
      "engines": {
        "node": "^12.17.0 || ^14.13 || >=16.0.0"
      },
      "funding": {
        "url": "https://github.com/chalk/chalk?sponsor=1"
      }
    },
    "node_modules/color-convert": {
      "version": "1.9.3",
      "resolved": "https://registry.npmjs.org/color-convert/-/color-convert-1.9.3.tgz",
      "integrity": "sha512-QfAUtd+vFdAtFQcC8CCyYt1fYWxSqAiK2cSD6zDB8N3cpsEBAvRxp9zOGg6G/SHHJYAT88/az/IuDGALsNVbGg==",
      "dependencies": {
        "color-name": "1.1.3"
      }
    },
    "node_modules/color-json": {
      "version": "3.0.5",
      "resolved": "https://registry.npmjs.org/color-json/-/color-json-3.0.5.tgz",
      "integrity": "sha512-DG4zae1GmHDBNsYTUe+GJiDnuKutxs2vVSkPRQqbeA6oEGBRQyRixV+HmIByasCfyf9L0CwHo8vOoiHqe7Lzng==",
      "engines": {
        "node": ">=12"
      }
    },
    "node_modules/color-name": {
      "version": "1.1.3",
      "resolved": "https://registry.npmjs.org/color-name/-/color-name-1.1.3.tgz",
      "integrity": "sha512-72fSenhMw2HZMTVHeCA9KCmpEIbzWiQsjN+BHcBbS9vr1mtt+vJjPdksIBNUmKAW8TFUDPJK5SUU3QhE9NEXDw=="
    },
    "node_modules/cross-spawn": {
      "version": "7.0.6",
      "resolved": "https://registry.npmjs.org/cross-spawn/-/cross-spawn-7.0.6.tgz",
      "integrity": "sha512-uV2QOWP2nWzsy2aMp8aRibhi9dlzF5Hgh5SHaB9OiTGEyDTiJJyx0uy51QXdyWbtAHNua4XJzUKca3OzKUd3vA==",
      "license": "MIT",
      "dependencies": {
        "path-key": "^3.1.0",
        "shebang-command": "^2.0.0",
        "which": "^2.0.1"
      },
      "engines": {
        "node": ">= 8"
      }
    },
    "node_modules/dettle": {
      "version": "1.0.1",
      "resolved": "https://registry.npmjs.org/dettle/-/dettle-1.0.1.tgz",
      "integrity": "sha512-/oD3At60ZfhgzpofJtyClNTrIACyMdRe+ih0YiHzAniN0IZnLdLpEzgR6RtGs3kowxUkTnvV/4t1FBxXMUdusQ=="
    },
    "node_modules/esbuild": {
      "version": "0.25.5",
      "resolved": "https://registry.npmjs.org/esbuild/-/esbuild-0.25.5.tgz",
      "integrity": "sha512-P8OtKZRv/5J5hhz0cUAdu/cLuPIKXpQl1R9pZtvmHWQvrAUVd0UNIPT4IB4W3rNOqVO0rlqHmCIbSwxh/c9yUQ==",
      "dev": true,
      "hasInstallScript": true,
      "license": "MIT",
      "bin": {
        "esbuild": "bin/esbuild"
      },
      "engines": {
        "node": ">=18"
      },
      "optionalDependencies": {
        "@esbuild/aix-ppc64": "0.25.5",
        "@esbuild/android-arm": "0.25.5",
        "@esbuild/android-arm64": "0.25.5",
        "@esbuild/android-x64": "0.25.5",
        "@esbuild/darwin-arm64": "0.25.5",
        "@esbuild/darwin-x64": "0.25.5",
        "@esbuild/freebsd-arm64": "0.25.5",
        "@esbuild/freebsd-x64": "0.25.5",
        "@esbuild/linux-arm": "0.25.5",
        "@esbuild/linux-arm64": "0.25.5",
        "@esbuild/linux-ia32": "0.25.5",
        "@esbuild/linux-loong64": "0.25.5",
        "@esbuild/linux-mips64el": "0.25.5",
        "@esbuild/linux-ppc64": "0.25.5",
        "@esbuild/linux-riscv64": "0.25.5",
        "@esbuild/linux-s390x": "0.25.5",
        "@esbuild/linux-x64": "0.25.5",
        "@esbuild/netbsd-arm64": "0.25.5",
        "@esbuild/netbsd-x64": "0.25.5",
        "@esbuild/openbsd-arm64": "0.25.5",
        "@esbuild/openbsd-x64": "0.25.5",
        "@esbuild/sunos-x64": "0.25.5",
        "@esbuild/win32-arm64": "0.25.5",
        "@esbuild/win32-ia32": "0.25.5",
        "@esbuild/win32-x64": "0.25.5"
      }
    },
    "node_modules/escape-html": {
      "version": "1.0.3",
      "resolved": "https://registry.npmjs.org/escape-html/-/escape-html-1.0.3.tgz",
      "integrity": "sha512-NiSupZ4OeuGwr68lGIeym/ksIZMJodUGOSCZ/FSnTxcrekbvqrgdUxlJOMpijaKZVjAJrWrGs/6Jy8OMuyj9ow=="
    },
    "node_modules/escape-string-regexp": {
      "version": "1.0.5",
      "resolved": "https://registry.npmjs.org/escape-string-regexp/-/escape-string-regexp-1.0.5.tgz",
      "integrity": "sha512-vbRorB5FUQWvla16U8R/qgaFIya2qGzwDrNmCZuYKrbdSUMG6I1ZCGQRefkRVhuOkIGVne7BQ35DSfo1qvJqFg==",
      "engines": {
        "node": ">=0.8.0"
      }
    },
    "node_modules/eta": {
      "version": "3.2.0",
      "resolved": "https://registry.npmjs.org/eta/-/eta-3.2.0.tgz",
      "integrity": "sha512-Qzc3it7nLn49dbOb9+oHV9rwtt9qN8oShRztqkZ3gXPqQflF0VLin5qhWk0g/2ioibBwT4DU6OIMVft7tg/rVg==",
      "engines": {
        "node": ">=6.0.0"
      },
      "funding": {
        "url": "https://github.com/eta-dev/eta?sponsor=1"
      }
    },
    "node_modules/execa": {
      "version": "8.0.1",
      "resolved": "https://registry.npmjs.org/execa/-/execa-8.0.1.tgz",
      "integrity": "sha512-VyhnebXciFV2DESc+p6B+y0LjSm0krU4OgJN44qFAhBY0TJ+1V61tYD2+wHusZ6F9n5K+vl8k0sTy7PEfV4qpg==",
      "dependencies": {
        "cross-spawn": "^7.0.3",
        "get-stream": "^8.0.1",
        "human-signals": "^5.0.0",
        "is-stream": "^3.0.0",
        "merge-stream": "^2.0.0",
        "npm-run-path": "^5.1.0",
        "onetime": "^6.0.0",
        "signal-exit": "^4.1.0",
        "strip-final-newline": "^3.0.0"
      },
      "engines": {
        "node": ">=16.17"
      },
      "funding": {
        "url": "https://github.com/sindresorhus/execa?sponsor=1"
      }
    },
    "node_modules/fsevents": {
      "version": "2.3.3",
      "resolved": "https://registry.npmjs.org/fsevents/-/fsevents-2.3.3.tgz",
      "integrity": "sha512-5xoDfX+fL7faATnagmWPpbFtwh/R77WmMMqqHGS65C3vvB0YHrgF+B1YmZ3441tMj5n63k0212XNoJwzlhffQw==",
      "dev": true,
      "hasInstallScript": true,
      "optional": true,
      "os": [
        "darwin"
      ],
      "engines": {
        "node": "^8.16.0 || ^10.6.0 || >=11.0.0"
      }
    },
    "node_modules/get-stream": {
      "version": "8.0.1",
      "resolved": "https://registry.npmjs.org/get-stream/-/get-stream-8.0.1.tgz",
      "integrity": "sha512-VaUJspBffn/LMCJVoMvSAdmscJyS1auj5Zulnn5UoYcY531UWmdwhRWkcGKnGU93m5HSXP9LP2usOryrBtQowA==",
      "engines": {
        "node": ">=16"
      },
      "funding": {
        "url": "https://github.com/sponsors/sindresorhus"
      }
    },
    "node_modules/get-tsconfig": {
      "version": "4.10.1",
      "resolved": "https://registry.npmjs.org/get-tsconfig/-/get-tsconfig-4.10.1.tgz",
      "integrity": "sha512-auHyJ4AgMz7vgS8Hp3N6HXSmlMdUyhSUrfBF16w153rxtLIEOE+HGqaBppczZvnHLqQJfiHotCYpNhl0lUROFQ==",
      "dev": true,
      "license": "MIT",
      "dependencies": {
        "resolve-pkg-maps": "^1.0.0"
      },
      "funding": {
        "url": "https://github.com/privatenumber/get-tsconfig?sponsor=1"
      }
    },
    "node_modules/has-flag": {
      "version": "3.0.0",
      "resolved": "https://registry.npmjs.org/has-flag/-/has-flag-3.0.0.tgz",
      "integrity": "sha512-sKJf1+ceQBr4SMkvQnBDNDtf4TXpVhVGateu0t918bl30FnbE2m4vNLX+VWe/dpjlb+HugGYzW7uQXH98HPEYw==",
      "engines": {
        "node": ">=4"
      }
    },
    "node_modules/human-signals": {
      "version": "5.0.0",
      "resolved": "https://registry.npmjs.org/human-signals/-/human-signals-5.0.0.tgz",
      "integrity": "sha512-AXcZb6vzzrFAUE61HnN4mpLqd/cSIwNQjtNWR0euPm6y0iqx3G4gOXaIDdtdDwZmhwe82LA6+zinmW4UBWVePQ==",
      "engines": {
        "node": ">=16.17.0"
      }
    },
    "node_modules/is-stream": {
      "version": "3.0.0",
      "resolved": "https://registry.npmjs.org/is-stream/-/is-stream-3.0.0.tgz",
      "integrity": "sha512-LnQR4bZ9IADDRSkvpqMGvt/tEJWclzklNgSw48V5EAaAeDd6qGvN8ei6k5p0tvxSR171VmGyHuTiAOfxAbr8kA==",
      "engines": {
        "node": "^12.20.0 || ^14.13.1 || >=16.0.0"
      },
      "funding": {
        "url": "https://github.com/sponsors/sindresorhus"
      }
    },
    "node_modules/isexe": {
      "version": "2.0.0",
      "resolved": "https://registry.npmjs.org/isexe/-/isexe-2.0.0.tgz",
      "integrity": "sha512-RHxMLp9lnKHGHRng9QFhRCMbYAcVpn69smSGcq3f36xjgVVWThj4qqLbTLlq7Ssj8B+fIQ1EuCEGI2lKsyQeIw=="
    },
    "node_modules/js-base64": {
      "version": "3.7.5",
      "resolved": "https://registry.npmjs.org/js-base64/-/js-base64-3.7.5.tgz",
      "integrity": "sha512-3MEt5DTINKqfScXKfJFrRbxkrnk2AxPWGBL/ycjz4dK8iqiSJ06UxD8jh8xuh6p10TX4t2+7FsBYVxxQbMg+qA=="
    },
    "node_modules/json-colorizer": {
      "version": "2.2.2",
      "resolved": "https://registry.npmjs.org/json-colorizer/-/json-colorizer-2.2.2.tgz",
      "integrity": "sha512-56oZtwV1piXrQnRNTtJeqRv+B9Y/dXAYLqBBaYl/COcUdoZxgLBLAO88+CnkbT6MxNs0c5E9mPBIb2sFcNz3vw==",
      "dependencies": {
        "chalk": "^2.4.1",
        "lodash.get": "^4.4.2"
      }
    },
    "node_modules/json-colorizer/node_modules/chalk": {
      "version": "2.4.2",
      "resolved": "https://registry.npmjs.org/chalk/-/chalk-2.4.2.tgz",
      "integrity": "sha512-Mti+f9lpJNcwF4tWV8/OrTTtF1gZi+f8FqlyAdouralcFWFQWF2+NgCHShjkCb+IFBLq9buZwE1xckQU4peSuQ==",
      "dependencies": {
        "ansi-styles": "^3.2.1",
        "escape-string-regexp": "^1.0.5",
        "supports-color": "^5.3.0"
      },
      "engines": {
        "node": ">=4"
      }
    },
    "node_modules/lodash.get": {
      "version": "4.4.2",
      "resolved": "https://registry.npmjs.org/lodash.get/-/lodash.get-4.4.2.tgz",
      "integrity": "sha512-z+Uw/vLuy6gQe8cfaFWD7p0wVv8fJl3mbzXh33RS+0oW2wvUqiRXiQ69gLWSLpgB5/6sU+r6BlQR0MBILadqTQ=="
    },
    "node_modules/merge-stream": {
      "version": "2.0.0",
      "resolved": "https://registry.npmjs.org/merge-stream/-/merge-stream-2.0.0.tgz",
      "integrity": "sha512-abv/qOcuPfk3URPfDzmZU1LKmuw8kT+0nIHvKrKgFrwifol/doWcdA4ZqsWQ8ENrFKkd67Mfpo/LovbIUsbt3w=="
    },
    "node_modules/mimic-fn": {
      "version": "4.0.0",
      "resolved": "https://registry.npmjs.org/mimic-fn/-/mimic-fn-4.0.0.tgz",
      "integrity": "sha512-vqiC06CuhBTUdZH+RYl8sFrL096vA45Ok5ISO6sE/Mr1jRbGH4Csnhi8f3wKVl7x8mO4Au7Ir9D3Oyv1VYMFJw==",
      "engines": {
        "node": ">=12"
      },
      "funding": {
        "url": "https://github.com/sponsors/sindresorhus"
      }
    },
    "node_modules/npm-run-path": {
      "version": "5.1.0",
      "resolved": "https://registry.npmjs.org/npm-run-path/-/npm-run-path-5.1.0.tgz",
      "integrity": "sha512-sJOdmRGrY2sjNTRMbSvluQqg+8X7ZK61yvzBEIDhz4f8z1TZFYABsqjjCBd/0PUNE9M6QDgHJXQkGUEm7Q+l9Q==",
      "dependencies": {
        "path-key": "^4.0.0"
      },
      "engines": {
        "node": "^12.20.0 || ^14.13.1 || >=16.0.0"
      },
      "funding": {
        "url": "https://github.com/sponsors/sindresorhus"
      }
    },
    "node_modules/npm-run-path/node_modules/path-key": {
      "version": "4.0.0",
      "resolved": "https://registry.npmjs.org/path-key/-/path-key-4.0.0.tgz",
      "integrity": "sha512-haREypq7xkM7ErfgIyA0z+Bj4AGKlMSdlQE2jvJo6huWD1EdkKYV+G/T4nq0YEF2vgTT8kqMFKo1uHn950r4SQ==",
      "engines": {
        "node": ">=12"
      },
      "funding": {
        "url": "https://github.com/sponsors/sindresorhus"
      }
    },
    "node_modules/onetime": {
      "version": "6.0.0",
      "resolved": "https://registry.npmjs.org/onetime/-/onetime-6.0.0.tgz",
      "integrity": "sha512-1FlR+gjXK7X+AsAHso35MnyN5KqGwJRi/31ft6x0M194ht7S+rWAvd7PHss9xSKMzE0asv1pyIHaJYq+BbacAQ==",
      "dependencies": {
        "mimic-fn": "^4.0.0"
      },
      "engines": {
        "node": ">=12"
      },
      "funding": {
        "url": "https://github.com/sponsors/sindresorhus"
      }
    },
    "node_modules/path-key": {
      "version": "3.1.1",
      "resolved": "https://registry.npmjs.org/path-key/-/path-key-3.1.1.tgz",
      "integrity": "sha512-ojmeN0qd+y0jszEtoY48r0Peq5dwMEkIlCOu6Q5f41lfkswXuKtYrhgoTpLnyIcHm24Uhqx+5Tqm2InSwLhE6Q==",
      "engines": {
        "node": ">=8"
      }
    },
    "node_modules/promise-make-naked": {
      "version": "2.1.1",
      "resolved": "https://registry.npmjs.org/promise-make-naked/-/promise-make-naked-2.1.1.tgz",
      "integrity": "sha512-BLvgZSNRkQNM5RGL4Cz8wK76WSb+t3VeMJL+/kxRBHI5+nliqZezranGGtiu/ePeFo5+CaLRvvGMzXrBuu2tAA=="
    },
    "node_modules/resolve-pkg-maps": {
      "version": "1.0.0",
      "resolved": "https://registry.npmjs.org/resolve-pkg-maps/-/resolve-pkg-maps-1.0.0.tgz",
      "integrity": "sha512-seS2Tj26TBVOC2NIc2rOe2y2ZO7efxITtLZcGSOnHHNOQ7CkiUBfw0Iw2ck6xkIhPwLhKNLS8BO+hEpngQlqzw==",
      "dev": true,
      "license": "MIT",
      "funding": {
        "url": "https://github.com/privatenumber/resolve-pkg-maps?sponsor=1"
      }
    },
    "node_modules/shebang-command": {
      "version": "2.0.0",
      "resolved": "https://registry.npmjs.org/shebang-command/-/shebang-command-2.0.0.tgz",
      "integrity": "sha512-kHxr2zZpYtdmrN1qDjrrX/Z1rR1kG8Dx+gkpK1G4eXmvXswmcE1hTWBWYUzlraYw1/yZp6YuDY77YtvbN0dmDA==",
      "dependencies": {
        "shebang-regex": "^3.0.0"
      },
      "engines": {
        "node": ">=8"
      }
    },
    "node_modules/shebang-regex": {
      "version": "3.0.0",
      "resolved": "https://registry.npmjs.org/shebang-regex/-/shebang-regex-3.0.0.tgz",
      "integrity": "sha512-7++dFhtcx3353uBaq8DDR4NuxBetBzC7ZQOhmTQInHEd6bSrXdiEyzCvG07Z44UYdLShWUyXt5M/yhz8ekcb1A==",
      "engines": {
        "node": ">=8"
      }
    },
    "node_modules/signal-exit": {
      "version": "4.1.0",
      "resolved": "https://registry.npmjs.org/signal-exit/-/signal-exit-4.1.0.tgz",
      "integrity": "sha512-bzyZ1e88w9O1iNJbKnOlvYTrWPDl46O1bG0D3XInv+9tkPrxrN8jUUTiFlDkkmKWgn1M6CfIA13SuGqOa9Korw==",
      "engines": {
        "node": ">=14"
      },
      "funding": {
        "url": "https://github.com/sponsors/isaacs"
      }
    },
    "node_modules/strip-final-newline": {
      "version": "3.0.0",
      "resolved": "https://registry.npmjs.org/strip-final-newline/-/strip-final-newline-3.0.0.tgz",
      "integrity": "sha512-dOESqjYr96iWYylGObzd39EuNTa5VJxyvVAEm5Jnh7KGo75V43Hk1odPQkNDyXNmUR6k+gEiDVXnjB8HJ3crXw==",
      "engines": {
        "node": ">=12"
      },
      "funding": {
        "url": "https://github.com/sponsors/sindresorhus"
      }
    },
    "node_modules/stubborn-fs": {
      "version": "1.2.5",
      "resolved": "https://registry.npmjs.org/stubborn-fs/-/stubborn-fs-1.2.5.tgz",
      "integrity": "sha512-H2N9c26eXjzL/S/K+i/RHHcFanE74dptvvjM8iwzwbVcWY/zjBbgRqF3K0DY4+OD+uTTASTBvDoxPDaPN02D7g=="
    },
    "node_modules/supports-color": {
      "version": "5.5.0",
      "resolved": "https://registry.npmjs.org/supports-color/-/supports-color-5.5.0.tgz",
      "integrity": "sha512-QjVjwdXIt408MIiAqCX4oUKsgU2EqAGzs2Ppkm4aQYbjm+ZEWEcW4SfFNTr4uMNZma0ey4f5lgLrkB0aX0QMow==",
      "dependencies": {
        "has-flag": "^3.0.0"
      },
      "engines": {
        "node": ">=4"
      }
    },
    "node_modules/tiny-readdir": {
      "version": "2.3.0",
      "resolved": "https://registry.npmjs.org/tiny-readdir/-/tiny-readdir-2.3.0.tgz",
      "integrity": "sha512-MEp9nzly4ps44xibXacCQ76pgx2DjSLNUbJGJRT6ERkBZCuOVF4TMRGwexkNA0nO6LcCI9j2XQOsDOLZHhA7wQ==",
      "dependencies": {
        "promise-make-naked": "^2.1.1"
      }
    },
    "node_modules/toml": {
      "version": "3.0.0",
      "resolved": "https://registry.npmjs.org/toml/-/toml-3.0.0.tgz",
      "integrity": "sha512-y/mWCZinnvxjTKYhJ+pYxwD0mRLVvOtdS2Awbgxln6iEnt4rk0yBxeSBHkGJcPucRiG0e55mwWp+g/05rsrd6w=="
    },
    "node_modules/tsx": {
      "version": "4.20.3",
      "resolved": "https://registry.npmjs.org/tsx/-/tsx-4.20.3.tgz",
      "integrity": "sha512-qjbnuR9Tr+FJOMBqJCW5ehvIo/buZq7vH7qD7JziU98h6l3qGy0a/yPFjwO+y0/T7GFpNgNAvEcPPVfyT8rrPQ==",
      "dev": true,
      "license": "MIT",
      "dependencies": {
        "esbuild": "~0.25.0",
        "get-tsconfig": "^4.7.5"
      },
      "bin": {
        "tsx": "dist/cli.mjs"
      },
      "engines": {
        "node": ">=18.0.0"
      },
      "optionalDependencies": {
        "fsevents": "~2.3.3"
      }
    },
    "node_modules/typescript": {
      "version": "5.3.3",
      "resolved": "https://registry.npmjs.org/typescript/-/typescript-5.3.3.tgz",
      "integrity": "sha512-pXWcraxM0uxAS+tN0AG/BF2TyqmHO014Z070UsJ+pFvYuRSq8KH8DmWpnbXe0pEPDHXZV3FcAbJkijJ5oNEnWw==",
      "dev": true,
      "bin": {
        "tsc": "bin/tsc",
        "tsserver": "bin/tsserver"
      },
      "engines": {
        "node": ">=14.17"
      }
    },
    "node_modules/undici-types": {
      "version": "5.26.5",
      "resolved": "https://registry.npmjs.org/undici-types/-/undici-types-5.26.5.tgz",
      "integrity": "sha512-JlCMO+ehdEIKqlFxk6IfVoAUVmgz7cU7zD/h9XZ0qzeosSHmUJVOzSQvvYSYWXkFXC+IfLKSIffhv0sVZup6pA==",
      "dev": true
    },
    "node_modules/watcher": {
      "version": "2.3.0",
      "resolved": "https://registry.npmjs.org/watcher/-/watcher-2.3.0.tgz",
      "integrity": "sha512-6hVpT1OhmYTZhsgUND2o2gTL79TosB1rH8DWzDO7KBlyR9Yuxg/LXUGeHJqjjvwpnyHT7uUdDwWczprJuqae9Q==",
      "dependencies": {
        "dettle": "^1.0.1",
        "stubborn-fs": "^1.2.5",
        "tiny-readdir": "^2.2.0"
      }
    },
    "node_modules/which": {
      "version": "2.0.2",
      "resolved": "https://registry.npmjs.org/which/-/which-2.0.2.tgz",
      "integrity": "sha512-BLI3Tl1TW3Pvl70l3yq3Y64i+awpwXqsGBYWkkqMtnbXgrMD+yj7rhW0kuEDxzJaYXGjEW5ogapKNMEKNMjibA==",
      "dependencies": {
        "isexe": "^2.0.0"
      },
      "bin": {
        "node-which": "bin/node-which"
      },
      "engines": {
        "node": ">= 8"
      }
    },
    "node_modules/xml-formatter": {
      "version": "3.6.0",
      "resolved": "https://registry.npmjs.org/xml-formatter/-/xml-formatter-3.6.0.tgz",
      "integrity": "sha512-Wic80ENNLF/5mLcc82hVLmoOWQlLDJtVv+N1/hkP4hBuVXPLKrXo92/4V23QYPKfUxvCU6Y2AcdpHCIA/xexFw==",
      "dependencies": {
        "xml-parser-xo": "^4.1.0"
      },
      "engines": {
        "node": ">= 14"
      }
    },
    "node_modules/xml-parser-xo": {
      "version": "4.1.1",
      "resolved": "https://registry.npmjs.org/xml-parser-xo/-/xml-parser-xo-4.1.1.tgz",
      "integrity": "sha512-Ggf2y90+Y6e9IK5hoPuembVHJ03PhDSdhldEmgzbihzu9k0XBo0sfcFxaSi4W1PlUSSI1ok+MJ0JCXUn+U4Ilw==",
      "engines": {
        "node": ">= 14"
      }
    }
  }
}
